
Microsoft Visual Studio Solution File, Format Version 11.00
# Visual Studio 2010
Project("{2150E333-8FDC-42A3-9474-1A3956D46DE8}") = "Solution Items", "Solution Items", "{D97C2907-C9BA-4452-9BED-83D3FD26188F}"
EndProject
Project("{FAE04EC0-301F-11D3-BF4B-00C04F79EFBC}") = "Enslam.Common", "Enslam.Common\Enslam.Common.csproj", "{448B2CC5-52BD-4FC4-A055-758106E93B35}"
EndProject
Project("{00000000-0000-0000-0000-000000000000}") = "Enslam.Site", "Enslam.Site\Enslam.Site.csproj", "{D1F6CFFB-23D3-4CE0-B89D-AF75D201DCAE}"
EndProject
Project("{FAE04EC0-301F-11D3-BF4B-00C04F79EFBC}") = "Enslam.Common.Tests", "Enslam.Common.Tests\Enslam.Common.Tests.csproj", "{A84E144B-1BC8-4C55-8209-8AB5E3693A65}"
EndProject
Project("{FAE04EC0-301F-11D3-BF4B-00C04F79EFBC}") = "Enslam.Site.Tests", "Enslam.Site.Tests\Enslam.Site.Tests.csproj", "{93F18445-1829-4610-A141-F66CD1DCE1B0}"
EndProject
Global
	GlobalSection(SolutionConfigurationPlatforms) = preSolution
		Debug|Any CPU = Debug|Any CPU
		Release|Any CPU = Release|Any CPU
	EndGlobalSection
	GlobalSection(ProjectConfigurationPlatforms) = postSolution
		{448B2CC5-52BD-4FC4-A055-758106E93B35}.Debug|Any CPU.ActiveCfg = Debug|Any CPU
		{448B2CC5-52BD-4FC4-A055-758106E93B35}.Debug|Any CPU.Build.0 = Debug|Any CPU
		{448B2CC5-52BD-4FC4-A055-758106E93B35}.Release|Any CPU.ActiveCfg = Release|Any CPU
		{448B2CC5-52BD-4FC4-A055-758106E93B35}.Release|Any CPU.Build.0 = Release|Any CPU
		{D1F6CFFB-23D3-4CE0-B89D-AF75D201DCAE}.Debug|Any CPU.ActiveCfg = Debug|Any CPU
		{D1F6CFFB-23D3-4CE0-B89D-AF75D201DCAE}.Debug|Any CPU.Build.0 = Debug|Any CPU
		{D1F6CFFB-23D3-4CE0-B89D-AF75D201DCAE}.Release|Any CPU.ActiveCfg = Release|Any CPU
		{D1F6CFFB-23D3-4CE0-B89D-AF75D201DCAE}.Release|Any CPU.Build.0 = Release|Any CPU
		{A84E144B-1BC8-4C55-8209-8AB5E3693A65}.Debug|Any CPU.ActiveCfg = Debug|Any CPU
		{A84E144B-1BC8-4C55-8209-8AB5E3693A65}.Debug|Any CPU.Build.0 = Debug|Any CPU
		{A84E144B-1BC8-4C55-8209-8AB5E3693A65}.Release|Any CPU.ActiveCfg = Release|Any CPU
		{A84E144B-1BC8-4C55-8209-8AB5E3693A65}.Release|Any CPU.Build.0 = Release|Any CPU
		{93F18445-1829-4610-A141-F66CD1DCE1B0}.Debug|Any CPU.ActiveCfg = Debug|Any CPU
		{93F18445-1829-4610-A141-F66CD1DCE1B0}.Debug|Any CPU.Build.0 = Debug|Any CPU
		{93F18445-1829-4610-A141-F66CD1DCE1B0}.Release|Any CPU.ActiveCfg = Release|Any CPU
		{93F18445-1829-4610-A141-F66CD1DCE1B0}.Release|Any CPU.Build.0 = Release|Any CPU
	EndGlobalSection
	GlobalSection(SolutionProperties) = preSolution
		HideSolutionNode = FALSE
	EndGlobalSection
EndGlobal
